
Microsoft Visual Studio Solution File, Format Version 12.00
# Visual Studio Version 17
VisualStudioVersion = 17.14.36414.22 d17.14
MinimumVisualStudioVersion = 10.0.40219.1
Project("{FAE04EC0-301F-11D3-BF4B-00C04F79EFBC}") = "Eliminar_Tareas", "Eliminar_Tareas\Eliminar_Tareas.csproj", "{972DA8CF-60F3-4DC1-842E-4BB58DF70FB4}"
EndProject
Global
	GlobalSection(SolutionConfigurationPlatforms) = preSolution
		Debug|Any CPU = Debug|Any CPU
		Release|Any CPU = Release|Any CPU
	EndGlobalSection
	GlobalSection(ProjectConfigurationPlatforms) = postSolution
		{972DA8CF-60F3-4DC1-842E-4BB58DF70FB4}.Debug|Any CPU.ActiveCfg = Debug|Any CPU
		{972DA8CF-60F3-4DC1-842E-4BB58DF70FB4}.Debug|Any CPU.Build.0 = Debug|Any CPU
		{972DA8CF-60F3-4DC1-842E-4BB58DF70FB4}.Release|Any CPU.ActiveCfg = Release|Any CPU
		{972DA8CF-60F3-4DC1-842E-4BB58DF70FB4}.Release|Any CPU.Build.0 = Release|Any CPU
	EndGlobalSection
	GlobalSection(SolutionProperties) = preSolution
		HideSolutionNode = FALSE
	EndGlobalSection
	GlobalSection(ExtensibilityGlobals) = postSolution
		SolutionGuid = {6D11A214-7FE0-495B-ADD3-A7B6FB0EFB9B}
	EndGlobalSection
EndGlobal
